
Microsoft Visual Studio Solution File, Format Version 12.00
# Visual Studio Version 17
VisualStudioVersion = 17.1.32421.90
MinimumVisualStudioVersion = 10.0.40219.1
Project("{FAE04EC0-301F-11D3-BF4B-00C04F79EFBC}") = "BMToolkits", "BMToolkits\BMToolkits.csproj", "{DEECF883-67A3-49F5-BF5B-8B13DFEB01AC}"
EndProject
Global
	GlobalSection(SolutionConfigurationPlatforms) = preSolution
		Debug|Any CPU = Debug|Any CPU
		Release|Any CPU = Release|Any CPU
	EndGlobalSection
	GlobalSection(ProjectConfigurationPlatforms) = postSolution
		{DEECF883-67A3-49F5-BF5B-8B13DFEB01AC}.Debug|Any CPU.ActiveCfg = Debug|Any CPU
		{DEECF883-67A3-49F5-BF5B-8B13DFEB01AC}.Debug|Any CPU.Build.0 = Debug|Any CPU
		{DEECF883-67A3-49F5-BF5B-8B13DFEB01AC}.Release|Any CPU.ActiveCfg = Release|Any CPU
		{DEECF883-67A3-49F5-BF5B-8B13DFEB01AC}.Release|Any CPU.Build.0 = Release|Any CPU
	EndGlobalSection
	GlobalSection(SolutionProperties) = preSolution
		HideSolutionNode = FALSE
	EndGlobalSection
	GlobalSection(ExtensibilityGlobals) = postSolution
		SolutionGuid = {BC2AA00F-1681-44FD-9812-F6AB41647F84}
	EndGlobalSection
EndGlobal
